
Microsoft Visual Studio Solution File, Format Version 12.00
# Visual Studio Version 17
VisualStudioVersion = 17.9.34728.123
MinimumVisualStudioVersion = 10.0.40219.1
Project("{FAE04EC0-301F-11D3-BF4B-00C04F79EFBC}") = "Ejercicio12", "Ejercicio12\Ejercicio12.csproj", "{02F62E52-7B55-4561-B5C6-2E97BE2288DE}"
EndProject
Global
	GlobalSection(SolutionConfigurationPlatforms) = preSolution
		Debug|Any CPU = Debug|Any CPU
		Release|Any CPU = Release|Any CPU
	EndGlobalSection
	GlobalSection(ProjectConfigurationPlatforms) = postSolution
		{02F62E52-7B55-4561-B5C6-2E97BE2288DE}.Debug|Any CPU.ActiveCfg = Debug|Any CPU
		{02F62E52-7B55-4561-B5C6-2E97BE2288DE}.Debug|Any CPU.Build.0 = Debug|Any CPU
		{02F62E52-7B55-4561-B5C6-2E97BE2288DE}.Release|Any CPU.ActiveCfg = Release|Any CPU
		{02F62E52-7B55-4561-B5C6-2E97BE2288DE}.Release|Any CPU.Build.0 = Release|Any CPU
	EndGlobalSection
	GlobalSection(SolutionProperties) = preSolution
		HideSolutionNode = FALSE
	EndGlobalSection
	GlobalSection(ExtensibilityGlobals) = postSolution
		SolutionGuid = {4CF60BF2-1D08-41C3-A8BB-321482D24CCF}
	EndGlobalSection
EndGlobal
