
Microsoft Visual Studio Solution File, Format Version 12.00
# Visual Studio Version 17
VisualStudioVersion = 17.9.34728.123
MinimumVisualStudioVersion = 10.0.40219.1
Project("{FAE04EC0-301F-11D3-BF4B-00C04F79EFBC}") = "Ejercicio14", "Ejercicio14\Ejercicio14.csproj", "{65D2A329-F777-42F4-A1B2-C786FD3757DF}"
EndProject
Global
	GlobalSection(SolutionConfigurationPlatforms) = preSolution
		Debug|Any CPU = Debug|Any CPU
		Release|Any CPU = Release|Any CPU
	EndGlobalSection
	GlobalSection(ProjectConfigurationPlatforms) = postSolution
		{65D2A329-F777-42F4-A1B2-C786FD3757DF}.Debug|Any CPU.ActiveCfg = Debug|Any CPU
		{65D2A329-F777-42F4-A1B2-C786FD3757DF}.Debug|Any CPU.Build.0 = Debug|Any CPU
		{65D2A329-F777-42F4-A1B2-C786FD3757DF}.Release|Any CPU.ActiveCfg = Release|Any CPU
		{65D2A329-F777-42F4-A1B2-C786FD3757DF}.Release|Any CPU.Build.0 = Release|Any CPU
	EndGlobalSection
	GlobalSection(SolutionProperties) = preSolution
		HideSolutionNode = FALSE
	EndGlobalSection
	GlobalSection(ExtensibilityGlobals) = postSolution
		SolutionGuid = {B71F6CD7-DCC7-4855-91D0-9A135D8F0631}
	EndGlobalSection
EndGlobal
