
Microsoft Visual Studio Solution File, Format Version 12.00
# Visual Studio Version 17
VisualStudioVersion = 17.9.34728.123
MinimumVisualStudioVersion = 10.0.40219.1
Project("{FAE04EC0-301F-11D3-BF4B-00C04F79EFBC}") = "LABORATORIO8-LISTAS", "LABORATORIO8-LISTAS.csproj", "{730D7710-9081-4637-912B-D2B582A3925A}"
EndProject
Project("{FAE04EC0-301F-11D3-BF4B-00C04F79EFBC}") = "Ejercicio1", "Ejercicio1\Ejercicio1.csproj", "{C34E1E86-D08A-4F0C-B488-CCBFE2B0E446}"
EndProject
Project("{FAE04EC0-301F-11D3-BF4B-00C04F79EFBC}") = "Ejercicio2", "Ejercicio2\Ejercicio2.csproj", "{D0487042-477E-4B84-BEFB-980AE0BE6428}"
EndProject
Project("{FAE04EC0-301F-11D3-BF4B-00C04F79EFBC}") = "Ejercicio3", "Ejercicio3\Ejercicio3.csproj", "{9116E5A6-3E66-4570-9B13-AA52A40F14E1}"
EndProject
Project("{FAE04EC0-301F-11D3-BF4B-00C04F79EFBC}") = "Ejercicio4", "Ejercicio4\Ejercicio4.csproj", "{6D97D701-A635-45F1-ACB1-FC68412670F2}"
EndProject
Project("{FAE04EC0-301F-11D3-BF4B-00C04F79EFBC}") = "Ejercicio5", "Ejercicio5\Ejercicio5.csproj", "{AB8744FA-0691-4415-B84B-1CD5983B6D17}"
EndProject
Project("{FAE04EC0-301F-11D3-BF4B-00C04F79EFBC}") = "Ejercicio6", "Ejercicio6\Ejercicio6.csproj", "{28647D19-FD5C-48F9-BE07-AE19E2EC579B}"
EndProject
Project("{FAE04EC0-301F-11D3-BF4B-00C04F79EFBC}") = "Ejercicio7", "Ejercicio7\Ejercicio7.csproj", "{FF02DB2C-147E-4AFA-A324-E3918BA21248}"
EndProject
Project("{FAE04EC0-301F-11D3-BF4B-00C04F79EFBC}") = "Ejercicio8", "Ejercicio8\Ejercicio8.csproj", "{4E812E72-BBDA-4F1D-969B-A688F9C4FC5C}"
EndProject
Project("{FAE04EC0-301F-11D3-BF4B-00C04F79EFBC}") = "Ejercicio9", "Ejercicio9\Ejercicio9.csproj", "{A19CDEA1-D736-4C98-A230-62AC657F6092}"
EndProject
Project("{FAE04EC0-301F-11D3-BF4B-00C04F79EFBC}") = "Ejercicio10", "Ejercicio10\Ejercicio10.csproj", "{BE0FC5E8-D9F1-4F63-85CF-BEC56E207579}"
EndProject
Project("{FAE04EC0-301F-11D3-BF4B-00C04F79EFBC}") = "Ejercicio11", "Ejercicio11\Ejercicio11.csproj", "{C26AAC0C-6558-410C-B0D0-57F2CA7B678A}"
EndProject
Project("{FAE04EC0-301F-11D3-BF4B-00C04F79EFBC}") = "Ejercicio12", "Ejercicio12\Ejercicio12.csproj", "{F2C92982-0673-4B98-9948-C26E09E7A3B9}"
EndProject
Project("{FAE04EC0-301F-11D3-BF4B-00C04F79EFBC}") = "Ejercicio13", "Ejercicio13\Ejercicio13.csproj", "{8D85CED9-E9F2-4A3F-8FBC-F84831C3060B}"
EndProject
Project("{FAE04EC0-301F-11D3-BF4B-00C04F79EFBC}") = "Ejercicio14", "Ejercicio14\Ejercicio14.csproj", "{3D1D4B43-D922-4629-A7A7-3B37E8969E28}"
EndProject
Project("{FAE04EC0-301F-11D3-BF4B-00C04F79EFBC}") = "Ejercicio15", "Ejercicio15\Ejercicio15.csproj", "{C78B69D0-BBEE-4648-9316-E5822A4FBEA5}"
EndProject
Project("{FAE04EC0-301F-11D3-BF4B-00C04F79EFBC}") = "Ejercicio16", "Ejercicio16\Ejercicio16.csproj", "{E71B6B46-F8B5-43DF-A276-FB51177ADC59}"
EndProject
Project("{FAE04EC0-301F-11D3-BF4B-00C04F79EFBC}") = "Ejercicio17", "Ejercicio17\Ejercicio17.csproj", "{82E0597C-1442-4589-91EF-618EFE55F051}"
EndProject
Project("{FAE04EC0-301F-11D3-BF4B-00C04F79EFBC}") = "Ejercicio18", "Ejercicio18\Ejercicio18.csproj", "{847E3C2F-6537-45CE-ACB1-07867233C2AB}"
EndProject
Project("{FAE04EC0-301F-11D3-BF4B-00C04F79EFBC}") = "Ejercicio19", "Ejercicio19\Ejercicio19.csproj", "{59750C92-CE5B-4A5F-9DBB-0A0EC553EC2D}"
EndProject
Project("{FAE04EC0-301F-11D3-BF4B-00C04F79EFBC}") = "Ejercicio20", "Ejercicio20\Ejercicio20.csproj", "{C9F8AB8C-7B99-470F-B02A-23B1731F9D9F}"
EndProject
Global
	GlobalSection(SolutionConfigurationPlatforms) = preSolution
		Debug|Any CPU = Debug|Any CPU
		Release|Any CPU = Release|Any CPU
	EndGlobalSection
	GlobalSection(ProjectConfigurationPlatforms) = postSolution
		{730D7710-9081-4637-912B-D2B582A3925A}.Debug|Any CPU.ActiveCfg = Debug|Any CPU
		{730D7710-9081-4637-912B-D2B582A3925A}.Debug|Any CPU.Build.0 = Debug|Any CPU
		{730D7710-9081-4637-912B-D2B582A3925A}.Release|Any CPU.ActiveCfg = Release|Any CPU
		{730D7710-9081-4637-912B-D2B582A3925A}.Release|Any CPU.Build.0 = Release|Any CPU
		{C34E1E86-D08A-4F0C-B488-CCBFE2B0E446}.Debug|Any CPU.ActiveCfg = Debug|Any CPU
		{C34E1E86-D08A-4F0C-B488-CCBFE2B0E446}.Debug|Any CPU.Build.0 = Debug|Any CPU
		{C34E1E86-D08A-4F0C-B488-CCBFE2B0E446}.Release|Any CPU.ActiveCfg = Release|Any CPU
		{C34E1E86-D08A-4F0C-B488-CCBFE2B0E446}.Release|Any CPU.Build.0 = Release|Any CPU
		{D0487042-477E-4B84-BEFB-980AE0BE6428}.Debug|Any CPU.ActiveCfg = Debug|Any CPU
		{D0487042-477E-4B84-BEFB-980AE0BE6428}.Debug|Any CPU.Build.0 = Debug|Any CPU
		{D0487042-477E-4B84-BEFB-980AE0BE6428}.Release|Any CPU.ActiveCfg = Release|Any CPU
		{D0487042-477E-4B84-BEFB-980AE0BE6428}.Release|Any CPU.Build.0 = Release|Any CPU
		{9116E5A6-3E66-4570-9B13-AA52A40F14E1}.Debug|Any CPU.ActiveCfg = Debug|Any CPU
		{9116E5A6-3E66-4570-9B13-AA52A40F14E1}.Debug|Any CPU.Build.0 = Debug|Any CPU
		{9116E5A6-3E66-4570-9B13-AA52A40F14E1}.Release|Any CPU.ActiveCfg = Release|Any CPU
		{9116E5A6-3E66-4570-9B13-AA52A40F14E1}.Release|Any CPU.Build.0 = Release|Any CPU
		{6D97D701-A635-45F1-ACB1-FC68412670F2}.Debug|Any CPU.ActiveCfg = Debug|Any CPU
		{6D97D701-A635-45F1-ACB1-FC68412670F2}.Debug|Any CPU.Build.0 = Debug|Any CPU
		{6D97D701-A635-45F1-ACB1-FC68412670F2}.Release|Any CPU.ActiveCfg = Release|Any CPU
		{6D97D701-A635-45F1-ACB1-FC68412670F2}.Release|Any CPU.Build.0 = Release|Any CPU
		{AB8744FA-0691-4415-B84B-1CD5983B6D17}.Debug|Any CPU.ActiveCfg = Debug|Any CPU
		{AB8744FA-0691-4415-B84B-1CD5983B6D17}.Debug|Any CPU.Build.0 = Debug|Any CPU
		{AB8744FA-0691-4415-B84B-1CD5983B6D17}.Release|Any CPU.ActiveCfg = Release|Any CPU
		{AB8744FA-0691-4415-B84B-1CD5983B6D17}.Release|Any CPU.Build.0 = Release|Any CPU
		{28647D19-FD5C-48F9-BE07-AE19E2EC579B}.Debug|Any CPU.ActiveCfg = Debug|Any CPU
		{28647D19-FD5C-48F9-BE07-AE19E2EC579B}.Debug|Any CPU.Build.0 = Debug|Any CPU
		{28647D19-FD5C-48F9-BE07-AE19E2EC579B}.Release|Any CPU.ActiveCfg = Release|Any CPU
		{28647D19-FD5C-48F9-BE07-AE19E2EC579B}.Release|Any CPU.Build.0 = Release|Any CPU
		{FF02DB2C-147E-4AFA-A324-E3918BA21248}.Debug|Any CPU.ActiveCfg = Debug|Any CPU
		{FF02DB2C-147E-4AFA-A324-E3918BA21248}.Debug|Any CPU.Build.0 = Debug|Any CPU
		{FF02DB2C-147E-4AFA-A324-E3918BA21248}.Release|Any CPU.ActiveCfg = Release|Any CPU
		{FF02DB2C-147E-4AFA-A324-E3918BA21248}.Release|Any CPU.Build.0 = Release|Any CPU
		{4E812E72-BBDA-4F1D-969B-A688F9C4FC5C}.Debug|Any CPU.ActiveCfg = Debug|Any CPU
		{4E812E72-BBDA-4F1D-969B-A688F9C4FC5C}.Debug|Any CPU.Build.0 = Debug|Any CPU
		{4E812E72-BBDA-4F1D-969B-A688F9C4FC5C}.Release|Any CPU.ActiveCfg = Release|Any CPU
		{4E812E72-BBDA-4F1D-969B-A688F9C4FC5C}.Release|Any CPU.Build.0 = Release|Any CPU
		{A19CDEA1-D736-4C98-A230-62AC657F6092}.Debug|Any CPU.ActiveCfg = Debug|Any CPU
		{A19CDEA1-D736-4C98-A230-62AC657F6092}.Debug|Any CPU.Build.0 = Debug|Any CPU
		{A19CDEA1-D736-4C98-A230-62AC657F6092}.Release|Any CPU.ActiveCfg = Release|Any CPU
		{A19CDEA1-D736-4C98-A230-62AC657F6092}.Release|Any CPU.Build.0 = Release|Any CPU
		{BE0FC5E8-D9F1-4F63-85CF-BEC56E207579}.Debug|Any CPU.ActiveCfg = Debug|Any CPU
		{BE0FC5E8-D9F1-4F63-85CF-BEC56E207579}.Debug|Any CPU.Build.0 = Debug|Any CPU
		{BE0FC5E8-D9F1-4F63-85CF-BEC56E207579}.Release|Any CPU.ActiveCfg = Release|Any CPU
		{BE0FC5E8-D9F1-4F63-85CF-BEC56E207579}.Release|Any CPU.Build.0 = Release|Any CPU
		{C26AAC0C-6558-410C-B0D0-57F2CA7B678A}.Debug|Any CPU.ActiveCfg = Debug|Any CPU
		{C26AAC0C-6558-410C-B0D0-57F2CA7B678A}.Debug|Any CPU.Build.0 = Debug|Any CPU
		{C26AAC0C-6558-410C-B0D0-57F2CA7B678A}.Release|Any CPU.ActiveCfg = Release|Any CPU
		{C26AAC0C-6558-410C-B0D0-57F2CA7B678A}.Release|Any CPU.Build.0 = Release|Any CPU
		{F2C92982-0673-4B98-9948-C26E09E7A3B9}.Debug|Any CPU.ActiveCfg = Debug|Any CPU
		{F2C92982-0673-4B98-9948-C26E09E7A3B9}.Debug|Any CPU.Build.0 = Debug|Any CPU
		{F2C92982-0673-4B98-9948-C26E09E7A3B9}.Release|Any CPU.ActiveCfg = Release|Any CPU
		{F2C92982-0673-4B98-9948-C26E09E7A3B9}.Release|Any CPU.Build.0 = Release|Any CPU
		{8D85CED9-E9F2-4A3F-8FBC-F84831C3060B}.Debug|Any CPU.ActiveCfg = Debug|Any CPU
		{8D85CED9-E9F2-4A3F-8FBC-F84831C3060B}.Debug|Any CPU.Build.0 = Debug|Any CPU
		{8D85CED9-E9F2-4A3F-8FBC-F84831C3060B}.Release|Any CPU.ActiveCfg = Release|Any CPU
		{8D85CED9-E9F2-4A3F-8FBC-F84831C3060B}.Release|Any CPU.Build.0 = Release|Any CPU
		{3D1D4B43-D922-4629-A7A7-3B37E8969E28}.Debug|Any CPU.ActiveCfg = Debug|Any CPU
		{3D1D4B43-D922-4629-A7A7-3B37E8969E28}.Debug|Any CPU.Build.0 = Debug|Any CPU
		{3D1D4B43-D922-4629-A7A7-3B37E8969E28}.Release|Any CPU.ActiveCfg = Release|Any CPU
		{3D1D4B43-D922-4629-A7A7-3B37E8969E28}.Release|Any CPU.Build.0 = Release|Any CPU
		{C78B69D0-BBEE-4648-9316-E5822A4FBEA5}.Debug|Any CPU.ActiveCfg = Debug|Any CPU
		{C78B69D0-BBEE-4648-9316-E5822A4FBEA5}.Debug|Any CPU.Build.0 = Debug|Any CPU
		{C78B69D0-BBEE-4648-9316-E5822A4FBEA5}.Release|Any CPU.ActiveCfg = Release|Any CPU
		{C78B69D0-BBEE-4648-9316-E5822A4FBEA5}.Release|Any CPU.Build.0 = Release|Any CPU
		{E71B6B46-F8B5-43DF-A276-FB51177ADC59}.Debug|Any CPU.ActiveCfg = Debug|Any CPU
		{E71B6B46-F8B5-43DF-A276-FB51177ADC59}.Debug|Any CPU.Build.0 = Debug|Any CPU
		{E71B6B46-F8B5-43DF-A276-FB51177ADC59}.Release|Any CPU.ActiveCfg = Release|Any CPU
		{E71B6B46-F8B5-43DF-A276-FB51177ADC59}.Release|Any CPU.Build.0 = Release|Any CPU
		{82E0597C-1442-4589-91EF-618EFE55F051}.Debug|Any CPU.ActiveCfg = Debug|Any CPU
		{82E0597C-1442-4589-91EF-618EFE55F051}.Debug|Any CPU.Build.0 = Debug|Any CPU
		{82E0597C-1442-4589-91EF-618EFE55F051}.Release|Any CPU.ActiveCfg = Release|Any CPU
		{82E0597C-1442-4589-91EF-618EFE55F051}.Release|Any CPU.Build.0 = Release|Any CPU
		{847E3C2F-6537-45CE-ACB1-07867233C2AB}.Debug|Any CPU.ActiveCfg = Debug|Any CPU
		{847E3C2F-6537-45CE-ACB1-07867233C2AB}.Debug|Any CPU.Build.0 = Debug|Any CPU
		{847E3C2F-6537-45CE-ACB1-07867233C2AB}.Release|Any CPU.ActiveCfg = Release|Any CPU
		{847E3C2F-6537-45CE-ACB1-07867233C2AB}.Release|Any CPU.Build.0 = Release|Any CPU
		{59750C92-CE5B-4A5F-9DBB-0A0EC553EC2D}.Debug|Any CPU.ActiveCfg = Debug|Any CPU
		{59750C92-CE5B-4A5F-9DBB-0A0EC553EC2D}.Debug|Any CPU.Build.0 = Debug|Any CPU
		{59750C92-CE5B-4A5F-9DBB-0A0EC553EC2D}.Release|Any CPU.ActiveCfg = Release|Any CPU
		{59750C92-CE5B-4A5F-9DBB-0A0EC553EC2D}.Release|Any CPU.Build.0 = Release|Any CPU
		{C9F8AB8C-7B99-470F-B02A-23B1731F9D9F}.Debug|Any CPU.ActiveCfg = Debug|Any CPU
		{C9F8AB8C-7B99-470F-B02A-23B1731F9D9F}.Debug|Any CPU.Build.0 = Debug|Any CPU
		{C9F8AB8C-7B99-470F-B02A-23B1731F9D9F}.Release|Any CPU.ActiveCfg = Release|Any CPU
		{C9F8AB8C-7B99-470F-B02A-23B1731F9D9F}.Release|Any CPU.Build.0 = Release|Any CPU
	EndGlobalSection
	GlobalSection(SolutionProperties) = preSolution
		HideSolutionNode = FALSE
	EndGlobalSection
	GlobalSection(ExtensibilityGlobals) = postSolution
		SolutionGuid = {168770A3-E87B-4F1B-A271-6141FD56C759}
	EndGlobalSection
EndGlobal
