
Microsoft Visual Studio Solution File, Format Version 12.00
# Visual Studio Version 17
VisualStudioVersion = 17.9.34728.123
MinimumVisualStudioVersion = 10.0.40219.1
Project("{FAE04EC0-301F-11D3-BF4B-00C04F79EFBC}") = "Ejercicio6", "Ejercicio6\Ejercicio6.csproj", "{0D6EE93A-3098-4914-9FD7-4D66F468A3C8}"
EndProject
Global
	GlobalSection(SolutionConfigurationPlatforms) = preSolution
		Debug|Any CPU = Debug|Any CPU
		Release|Any CPU = Release|Any CPU
	EndGlobalSection
	GlobalSection(ProjectConfigurationPlatforms) = postSolution
		{0D6EE93A-3098-4914-9FD7-4D66F468A3C8}.Debug|Any CPU.ActiveCfg = Debug|Any CPU
		{0D6EE93A-3098-4914-9FD7-4D66F468A3C8}.Debug|Any CPU.Build.0 = Debug|Any CPU
		{0D6EE93A-3098-4914-9FD7-4D66F468A3C8}.Release|Any CPU.ActiveCfg = Release|Any CPU
		{0D6EE93A-3098-4914-9FD7-4D66F468A3C8}.Release|Any CPU.Build.0 = Release|Any CPU
	EndGlobalSection
	GlobalSection(SolutionProperties) = preSolution
		HideSolutionNode = FALSE
	EndGlobalSection
	GlobalSection(ExtensibilityGlobals) = postSolution
		SolutionGuid = {001218D0-8140-4C64-B00D-3B1C62BAD1D5}
	EndGlobalSection
EndGlobal
